
Microsoft Visual Studio Solution File, Format Version 12.00
# Visual Studio Version 16
VisualStudioVersion = 16.0.34031.81
MinimumVisualStudioVersion = 10.0.40219.1
Project("{F184B08F-C81C-45F6-A57F-5ABD9991F28F}") = "Selection with the select case construct", "Selection with the select case construct.vbproj", "{2308DFBA-6732-4014-9A5E-26CA41062E38}"
EndProject
Global
	GlobalSection(SolutionConfigurationPlatforms) = preSolution
		Debug|Any CPU = Debug|Any CPU
		Release|Any CPU = Release|Any CPU
	EndGlobalSection
	GlobalSection(ProjectConfigurationPlatforms) = postSolution
		{2308DFBA-6732-4014-9A5E-26CA41062E38}.Debug|Any CPU.ActiveCfg = Debug|Any CPU
		{2308DFBA-6732-4014-9A5E-26CA41062E38}.Debug|Any CPU.Build.0 = Debug|Any CPU
		{2308DFBA-6732-4014-9A5E-26CA41062E38}.Release|Any CPU.ActiveCfg = Release|Any CPU
		{2308DFBA-6732-4014-9A5E-26CA41062E38}.Release|Any CPU.Build.0 = Release|Any CPU
	EndGlobalSection
	GlobalSection(SolutionProperties) = preSolution
		HideSolutionNode = FALSE
	EndGlobalSection
	GlobalSection(ExtensibilityGlobals) = postSolution
		SolutionGuid = {D2922405-AC2A-4864-9765-A659893D794B}
	EndGlobalSection
EndGlobal
